
Microsoft Visual Studio Solution File, Format Version 12.00
# Visual Studio Version 16
VisualStudioVersion = 16.0.32106.194
MinimumVisualStudioVersion = 10.0.40219.1
Project("{9A19103F-16F7-4668-BE54-9A1E7A4F7556}") = "FunwithEvents", "FunwithEvents\FunwithEvents.csproj", "{D8F0AA19-D14E-4944-B5A5-C3C4DE52C51A}"
EndProject
Project("{FAE04EC0-301F-11D3-BF4B-00C04F79EFBC}") = "FunwithEvents.Test", "FunwithEvents.Test\FunwithEvents.Test.csproj", "{CDED4EDE-B091-4C56-8958-526B0A5CDB02}"
EndProject
Global
	GlobalSection(SolutionConfigurationPlatforms) = preSolution
		Debug|Any CPU = Debug|Any CPU
		Release|Any CPU = Release|Any CPU
	EndGlobalSection
	GlobalSection(ProjectConfigurationPlatforms) = postSolution
		{D8F0AA19-D14E-4944-B5A5-C3C4DE52C51A}.Debug|Any CPU.ActiveCfg = Debug|Any CPU
		{D8F0AA19-D14E-4944-B5A5-C3C4DE52C51A}.Debug|Any CPU.Build.0 = Debug|Any CPU
		{D8F0AA19-D14E-4944-B5A5-C3C4DE52C51A}.Release|Any CPU.ActiveCfg = Release|Any CPU
		{D8F0AA19-D14E-4944-B5A5-C3C4DE52C51A}.Release|Any CPU.Build.0 = Release|Any CPU
		{CDED4EDE-B091-4C56-8958-526B0A5CDB02}.Debug|Any CPU.ActiveCfg = Debug|Any CPU
		{CDED4EDE-B091-4C56-8958-526B0A5CDB02}.Debug|Any CPU.Build.0 = Debug|Any CPU
		{CDED4EDE-B091-4C56-8958-526B0A5CDB02}.Release|Any CPU.ActiveCfg = Release|Any CPU
		{CDED4EDE-B091-4C56-8958-526B0A5CDB02}.Release|Any CPU.Build.0 = Release|Any CPU
	EndGlobalSection
	GlobalSection(SolutionProperties) = preSolution
		HideSolutionNode = FALSE
	EndGlobalSection
	GlobalSection(ExtensibilityGlobals) = postSolution
		SolutionGuid = {E5EA2DD3-1902-4684-A698-EFB59DB9335B}
	EndGlobalSection
EndGlobal
